
Microsoft Visual Studio Solution File, Format Version 12.00
# Visual Studio Version 17
VisualStudioVersion = 17.5.33530.505
MinimumVisualStudioVersion = 10.0.40219.1
Project("{9A19103F-16F7-4668-BE54-9A1E7A4F7556}") = "InventoryPoc.Web.Server", "InventoryPoc.Web\Server\InventoryPoc.Web.Server.csproj", "{D3FB2DB4-3B44-462B-92F3-578B2F81001C}"
EndProject
Project("{9A19103F-16F7-4668-BE54-9A1E7A4F7556}") = "InventoryPoc.Web.Client", "InventoryPoc.Web\Client\InventoryPoc.Web.Client.csproj", "{16137C71-9B5B-4985-B777-A0D7726D8C6A}"
EndProject
Project("{9A19103F-16F7-4668-BE54-9A1E7A4F7556}") = "InventoryPoc.Web.Shared", "InventoryPoc.Web\Shared\InventoryPoc.Web.Shared.csproj", "{9720D20F-4F66-4061-B094-2E49841B80E7}"
EndProject
Project("{2150E333-8FDC-42A3-9474-1A3956D46DE8}") = "config", "config", "{64EE2856-049C-4CAB-B732-A8D0E77B96AF}"
	ProjectSection(SolutionItems) = preProject
		config\common.appsettings.Development.json = config\common.appsettings.Development.json
		config\common.appsettings.json = config\common.appsettings.json
	EndProjectSection
EndProject
Global
	GlobalSection(SolutionConfigurationPlatforms) = preSolution
		Debug|Any CPU = Debug|Any CPU
		Release|Any CPU = Release|Any CPU
	EndGlobalSection
	GlobalSection(ProjectConfigurationPlatforms) = postSolution
		{D3FB2DB4-3B44-462B-92F3-578B2F81001C}.Debug|Any CPU.ActiveCfg = Debug|Any CPU
		{D3FB2DB4-3B44-462B-92F3-578B2F81001C}.Debug|Any CPU.Build.0 = Debug|Any CPU
		{D3FB2DB4-3B44-462B-92F3-578B2F81001C}.Release|Any CPU.ActiveCfg = Release|Any CPU
		{D3FB2DB4-3B44-462B-92F3-578B2F81001C}.Release|Any CPU.Build.0 = Release|Any CPU
		{16137C71-9B5B-4985-B777-A0D7726D8C6A}.Debug|Any CPU.ActiveCfg = Debug|Any CPU
		{16137C71-9B5B-4985-B777-A0D7726D8C6A}.Debug|Any CPU.Build.0 = Debug|Any CPU
		{16137C71-9B5B-4985-B777-A0D7726D8C6A}.Release|Any CPU.ActiveCfg = Release|Any CPU
		{16137C71-9B5B-4985-B777-A0D7726D8C6A}.Release|Any CPU.Build.0 = Release|Any CPU
		{9720D20F-4F66-4061-B094-2E49841B80E7}.Debug|Any CPU.ActiveCfg = Debug|Any CPU
		{9720D20F-4F66-4061-B094-2E49841B80E7}.Debug|Any CPU.Build.0 = Debug|Any CPU
		{9720D20F-4F66-4061-B094-2E49841B80E7}.Release|Any CPU.ActiveCfg = Release|Any CPU
		{9720D20F-4F66-4061-B094-2E49841B80E7}.Release|Any CPU.Build.0 = Release|Any CPU
	EndGlobalSection
	GlobalSection(SolutionProperties) = preSolution
		HideSolutionNode = FALSE
	EndGlobalSection
	GlobalSection(ExtensibilityGlobals) = postSolution
		SolutionGuid = {40F45D5E-6557-4A32-9728-94F957D260F9}
	EndGlobalSection
EndGlobal
